{
  "name": "backEnd",
  "version": "1.0.0",
  "lockfileVersion": 1,
  "requires": true,
  "dependencies": {
    "npm-module": {
      "version": "0.1.0",
      "resolved": "https://registry.npmjs.org/npm-module/-/npm-module-0.1.0.tgz",
      "integrity": "sha1-9qUWD/OQkI5wn2y7q21Zc0aSAgA="
    }
  }
}
